
Microsoft Visual Studio Solution File, Format Version 12.00
# Visual Studio Version 17
VisualStudioVersion = 17.0.31903.59
MinimumVisualStudioVersion = 10.0.40219.1
Project("{FAE04EC0-301F-11D3-BF4B-00C04F79EFBC}") = "API", "API\API.csproj", "{96A04F15-FACE-44E6-9C82-13D8CA71D814}"
EndProject
Project("{FAE04EC0-301F-11D3-BF4B-00C04F79EFBC}") = "DataAccess", "DataAccess\DataAccess.csproj", "{1184BA50-9CC9-4B4B-BFC7-84CE5C22DBCB}"
EndProject
Project("{FAE04EC0-301F-11D3-BF4B-00C04F79EFBC}") = "UnitTests", "UnitTests\UnitTests.csproj", "{5F7A53B7-794E-4041-9F12-717CA67FB0C3}"
EndProject
Global
	GlobalSection(SolutionConfigurationPlatforms) = preSolution
		Debug|Any CPU = Debug|Any CPU
		Release|Any CPU = Release|Any CPU
	EndGlobalSection
	GlobalSection(SolutionProperties) = preSolution
		HideSolutionNode = FALSE
	EndGlobalSection
	GlobalSection(ProjectConfigurationPlatforms) = postSolution
		{96A04F15-FACE-44E6-9C82-13D8CA71D814}.Debug|Any CPU.ActiveCfg = Debug|Any CPU
		{96A04F15-FACE-44E6-9C82-13D8CA71D814}.Debug|Any CPU.Build.0 = Debug|Any CPU
		{96A04F15-FACE-44E6-9C82-13D8CA71D814}.Release|Any CPU.ActiveCfg = Release|Any CPU
		{96A04F15-FACE-44E6-9C82-13D8CA71D814}.Release|Any CPU.Build.0 = Release|Any CPU
		{1184BA50-9CC9-4B4B-BFC7-84CE5C22DBCB}.Debug|Any CPU.ActiveCfg = Debug|Any CPU
		{1184BA50-9CC9-4B4B-BFC7-84CE5C22DBCB}.Debug|Any CPU.Build.0 = Debug|Any CPU
		{1184BA50-9CC9-4B4B-BFC7-84CE5C22DBCB}.Release|Any CPU.ActiveCfg = Release|Any CPU
		{1184BA50-9CC9-4B4B-BFC7-84CE5C22DBCB}.Release|Any CPU.Build.0 = Release|Any CPU
		{5F7A53B7-794E-4041-9F12-717CA67FB0C3}.Debug|Any CPU.ActiveCfg = Debug|Any CPU
		{5F7A53B7-794E-4041-9F12-717CA67FB0C3}.Debug|Any CPU.Build.0 = Debug|Any CPU
		{5F7A53B7-794E-4041-9F12-717CA67FB0C3}.Release|Any CPU.ActiveCfg = Release|Any CPU
		{5F7A53B7-794E-4041-9F12-717CA67FB0C3}.Release|Any CPU.Build.0 = Release|Any CPU
	EndGlobalSection
EndGlobal
